
Microsoft Visual Studio Solution File, Format Version 12.00
# Visual Studio Version 17
VisualStudioVersion = 17.5.002.0
MinimumVisualStudioVersion = 10.0.40219.1
Project("{2150E333-8FDC-42A3-9474-1A3956D46DE8}") = "src", "src", "{C2305E5C-266A-426C-ADD2-8D031810DABA}"
EndProject
Project("{9A19103F-16F7-4668-BE54-9A1E7A4F7556}") = "AuctionService", "src\AuctionService\AuctionService.csproj", "{3D26D301-EA74-4645-8330-0D79651D050B}"
EndProject
Project("{FAE04EC0-301F-11D3-BF4B-00C04F79EFBC}") = "SearchService", "src\SearchService\SearchService.csproj", "{3E3B5370-D6CA-4488-867C-A26C3B93121C}"
EndProject
Project("{FAE04EC0-301F-11D3-BF4B-00C04F79EFBC}") = "Contracts", "src\Contracts\Contracts.csproj", "{07C55C5B-9702-4195-AEEB-2CE6D1395F77}"
EndProject
Project("{FAE04EC0-301F-11D3-BF4B-00C04F79EFBC}") = "IdentityService", "src\IdentityService\IdentityService.csproj", "{19D98424-BF35-4BD7-AAF8-59B39C29A219}"
EndProject
Project("{FAE04EC0-301F-11D3-BF4B-00C04F79EFBC}") = "GatewayService", "src\GatewayService\GatewayService.csproj", "{A9D6002E-EF9F-4D96-B424-E75092C46708}"
EndProject
Project("{FAE04EC0-301F-11D3-BF4B-00C04F79EFBC}") = "BiddingService", "src\BiddingService\BiddingService.csproj", "{7D2674C9-9243-4BE8-B362-7C33939699D5}"
EndProject
Project("{FAE04EC0-301F-11D3-BF4B-00C04F79EFBC}") = "NotificationService", "src\NotificationService\NotificationService.csproj", "{6CCC501D-AAC0-4A1E-AF0F-DA4133EDAAA8}"
EndProject
Global
	GlobalSection(SolutionConfigurationPlatforms) = preSolution
		Debug|Any CPU = Debug|Any CPU
		Release|Any CPU = Release|Any CPU
	EndGlobalSection
	GlobalSection(ProjectConfigurationPlatforms) = postSolution
		{3D26D301-EA74-4645-8330-0D79651D050B}.Debug|Any CPU.ActiveCfg = Debug|Any CPU
		{3D26D301-EA74-4645-8330-0D79651D050B}.Debug|Any CPU.Build.0 = Debug|Any CPU
		{3D26D301-EA74-4645-8330-0D79651D050B}.Release|Any CPU.ActiveCfg = Release|Any CPU
		{3D26D301-EA74-4645-8330-0D79651D050B}.Release|Any CPU.Build.0 = Release|Any CPU
		{3E3B5370-D6CA-4488-867C-A26C3B93121C}.Debug|Any CPU.ActiveCfg = Debug|Any CPU
		{3E3B5370-D6CA-4488-867C-A26C3B93121C}.Debug|Any CPU.Build.0 = Debug|Any CPU
		{3E3B5370-D6CA-4488-867C-A26C3B93121C}.Release|Any CPU.ActiveCfg = Release|Any CPU
		{3E3B5370-D6CA-4488-867C-A26C3B93121C}.Release|Any CPU.Build.0 = Release|Any CPU
		{07C55C5B-9702-4195-AEEB-2CE6D1395F77}.Debug|Any CPU.ActiveCfg = Debug|Any CPU
		{07C55C5B-9702-4195-AEEB-2CE6D1395F77}.Debug|Any CPU.Build.0 = Debug|Any CPU
		{07C55C5B-9702-4195-AEEB-2CE6D1395F77}.Release|Any CPU.ActiveCfg = Release|Any CPU
		{07C55C5B-9702-4195-AEEB-2CE6D1395F77}.Release|Any CPU.Build.0 = Release|Any CPU
		{19D98424-BF35-4BD7-AAF8-59B39C29A219}.Debug|Any CPU.ActiveCfg = Debug|Any CPU
		{19D98424-BF35-4BD7-AAF8-59B39C29A219}.Debug|Any CPU.Build.0 = Debug|Any CPU
		{19D98424-BF35-4BD7-AAF8-59B39C29A219}.Release|Any CPU.ActiveCfg = Release|Any CPU
		{19D98424-BF35-4BD7-AAF8-59B39C29A219}.Release|Any CPU.Build.0 = Release|Any CPU
		{A9D6002E-EF9F-4D96-B424-E75092C46708}.Debug|Any CPU.ActiveCfg = Debug|Any CPU
		{A9D6002E-EF9F-4D96-B424-E75092C46708}.Debug|Any CPU.Build.0 = Debug|Any CPU
		{A9D6002E-EF9F-4D96-B424-E75092C46708}.Release|Any CPU.ActiveCfg = Release|Any CPU
		{A9D6002E-EF9F-4D96-B424-E75092C46708}.Release|Any CPU.Build.0 = Release|Any CPU
		{7D2674C9-9243-4BE8-B362-7C33939699D5}.Debug|Any CPU.ActiveCfg = Debug|Any CPU
		{7D2674C9-9243-4BE8-B362-7C33939699D5}.Debug|Any CPU.Build.0 = Debug|Any CPU
		{7D2674C9-9243-4BE8-B362-7C33939699D5}.Release|Any CPU.ActiveCfg = Release|Any CPU
		{7D2674C9-9243-4BE8-B362-7C33939699D5}.Release|Any CPU.Build.0 = Release|Any CPU
		{6CCC501D-AAC0-4A1E-AF0F-DA4133EDAAA8}.Debug|Any CPU.ActiveCfg = Debug|Any CPU
		{6CCC501D-AAC0-4A1E-AF0F-DA4133EDAAA8}.Debug|Any CPU.Build.0 = Debug|Any CPU
		{6CCC501D-AAC0-4A1E-AF0F-DA4133EDAAA8}.Release|Any CPU.ActiveCfg = Release|Any CPU
		{6CCC501D-AAC0-4A1E-AF0F-DA4133EDAAA8}.Release|Any CPU.Build.0 = Release|Any CPU
	EndGlobalSection
	GlobalSection(SolutionProperties) = preSolution
		HideSolutionNode = FALSE
	EndGlobalSection
	GlobalSection(NestedProjects) = preSolution
		{3D26D301-EA74-4645-8330-0D79651D050B} = {C2305E5C-266A-426C-ADD2-8D031810DABA}
		{3E3B5370-D6CA-4488-867C-A26C3B93121C} = {C2305E5C-266A-426C-ADD2-8D031810DABA}
		{07C55C5B-9702-4195-AEEB-2CE6D1395F77} = {C2305E5C-266A-426C-ADD2-8D031810DABA}
		{19D98424-BF35-4BD7-AAF8-59B39C29A219} = {C2305E5C-266A-426C-ADD2-8D031810DABA}
		{A9D6002E-EF9F-4D96-B424-E75092C46708} = {C2305E5C-266A-426C-ADD2-8D031810DABA}
		{7D2674C9-9243-4BE8-B362-7C33939699D5} = {C2305E5C-266A-426C-ADD2-8D031810DABA}
		{6CCC501D-AAC0-4A1E-AF0F-DA4133EDAAA8} = {C2305E5C-266A-426C-ADD2-8D031810DABA}
	EndGlobalSection
	GlobalSection(ExtensibilityGlobals) = postSolution
		SolutionGuid = {D595B0C8-BBEA-4B6A-9B37-CB0B6854E1EC}
	EndGlobalSection
EndGlobal
